
Microsoft Visual Studio Solution File, Format Version 12.00
# Visual Studio Version 17
VisualStudioVersion = 17.0.32014.148
MinimumVisualStudioVersion = 10.0.40219.1
Project("{FAE04EC0-301F-11D3-BF4B-00C04F79EFBC}") = "Rosalina.POC", "Rosalina.POC.csproj", "{57D2EADA-6EAE-4E16-A6A4-18CE48B1E3A1}"
EndProject
Global
	GlobalSection(SolutionConfigurationPlatforms) = preSolution
		Debug|Any CPU = Debug|Any CPU
		Release|Any CPU = Release|Any CPU
	EndGlobalSection
	GlobalSection(ProjectConfigurationPlatforms) = postSolution
		{57D2EADA-6EAE-4E16-A6A4-18CE48B1E3A1}.Debug|Any CPU.ActiveCfg = Debug|Any CPU
		{57D2EADA-6EAE-4E16-A6A4-18CE48B1E3A1}.Debug|Any CPU.Build.0 = Debug|Any CPU
		{57D2EADA-6EAE-4E16-A6A4-18CE48B1E3A1}.Release|Any CPU.ActiveCfg = Release|Any CPU
		{57D2EADA-6EAE-4E16-A6A4-18CE48B1E3A1}.Release|Any CPU.Build.0 = Release|Any CPU
	EndGlobalSection
	GlobalSection(SolutionProperties) = preSolution
		HideSolutionNode = FALSE
	EndGlobalSection
	GlobalSection(ExtensibilityGlobals) = postSolution
		SolutionGuid = {7D581591-6DB6-4E6D-A6F6-2652D51E89AC}
	EndGlobalSection
EndGlobal
